// !$*UTF8*$!
{
	archiveVersion = 1;
	classes = {
	};
	objectVersion = 50;
	objects = {

/* Begin PBXBuildFile section */
		255056D6214E71470036900A /* SwipeTableViewController.swift in Sources */ = {isa = PBXBuildFile; fileRef = 255056D5214E71470036900A /* SwipeTableViewController.swift */; };
		2592A568214D2E8D003384CC /* AppDelegate.swift in Sources */ = {isa = PBXBuildFile; fileRef = 2592A567214D2E8D003384CC /* AppDelegate.swift */; };
		2592A56A214D2E8D003384CC /* TodoListViewController.swift in Sources */ = {isa = PBXBuildFile; fileRef = 2592A569214D2E8D003384CC /* TodoListViewController.swift */; };
		2592A56D214D2E8D003384CC /* Main.storyboard in Resources */ = {isa = PBXBuildFile; fileRef = 2592A56B214D2E8D003384CC /* Main.storyboard */; };
		2592A572214D2E92003384CC /* Assets.xcassets in Resources */ = {isa = PBXBuildFile; fileRef = 2592A571214D2E92003384CC /* Assets.xcassets */; };
		2592A575214D2E92003384CC /* LaunchScreen.storyboard in Resources */ = {isa = PBXBuildFile; fileRef = 2592A573214D2E92003384CC /* LaunchScreen.storyboard */; };
		2592A580214D2F72003384CC /* CategoryViewController.swift in Sources */ = {isa = PBXBuildFile; fileRef = 2592A57F214D2F72003384CC /* CategoryViewController.swift */; };
		25A928FB214D3CC600843EED /* Item.swift in Sources */ = {isa = PBXBuildFile; fileRef = 25A928FA214D3CC600843EED /* Item.swift */; };
		25A928FD214D3CD300843EED /* Category.swift in Sources */ = {isa = PBXBuildFile; fileRef = 25A928FC214D3CD300843EED /* Category.swift */; };
		B5C45F7532FE69D56AE2EF4A /* Pods_TodoApp_Realm.framework in Frameworks */ = {isa = PBXBuildFile; fileRef = DB03B02FB54D4952070D580B /* Pods_TodoApp_Realm.framework */; };
/* End PBXBuildFile section */

/* Begin PBXFileReference section */
		255056D5214E71470036900A /* SwipeTableViewController.swift */ = {isa = PBXFileReference; lastKnownFileType = sourcecode.swift; path = SwipeTableViewController.swift; sourceTree = "<group>"; };
		2592A564214D2E8D003384CC /* TodoApp_Realm.app */ = {isa = PBXFileReference; explicitFileType = wrapper.application; includeInIndex = 0; path = TodoApp_Realm.app; sourceTree = BUILT_PRODUCTS_DIR; };
		2592A567214D2E8D003384CC /* AppDelegate.swift */ = {isa = PBXFileReference; lastKnownFileType = sourcecode.swift; path = AppDelegate.swift; sourceTree = "<group>"; };
		2592A569214D2E8D003384CC /* TodoListViewController.swift */ = {isa = PBXFileReference; lastKnownFileType = sourcecode.swift; path = TodoListViewController.swift; sourceTree = "<group>"; };
		2592A56C214D2E8D003384CC /* Base */ = {isa = PBXFileReference; lastKnownFileType = file.storyboard; name = Base; path = Base.lproj/Main.storyboard; sourceTree = "<group>"; };
		2592A571214D2E92003384CC /* Assets.xcassets */ = {isa = PBXFileReference; lastKnownFileType = folder.assetcatalog; path = Assets.xcassets; sourceTree = "<group>"; };
		2592A574214D2E92003384CC /* Base */ = {isa = PBXFileReference; lastKnownFileType = file.storyboard; name = Base; path = Base.lproj/LaunchScreen.storyboard; sourceTree = "<group>"; };
		2592A576214D2E92003384CC /* Info.plist */ = {isa = PBXFileReference; lastKnownFileType = text.plist.xml; path = Info.plist; sourceTree = "<group>"; };
		2592A57F214D2F72003384CC /* CategoryViewController.swift */ = {isa = PBXFileReference; lastKnownFileType = sourcecode.swift; path = CategoryViewController.swift; sourceTree = "<group>"; };
		25A928FA214D3CC600843EED /* Item.swift */ = {isa = PBXFileReference; lastKnownFileType = sourcecode.swift; path = Item.swift; sourceTree = "<group>"; };
		25A928FC214D3CD300843EED /* Category.swift */ = {isa = PBXFileReference; lastKnownFileType = sourcecode.swift; path = Category.swift; sourceTree = "<group>"; };
		D0294590DE22589D25CEB54F /* Pods-TodoApp_Realm.debug.xcconfig */ = {isa = PBXFileReference; includeInIndex = 1; lastKnownFileType = text.xcconfig; name = "Pods-TodoApp_Realm.debug.xcconfig"; path = "Pods/Target Support Files/Pods-TodoApp_Realm/Pods-TodoApp_Realm.debug.xcconfig"; sourceTree = "<group>"; };
		DB03B02FB54D4952070D580B /* Pods_TodoApp_Realm.framework */ = {isa = PBXFileReference; explicitFileType = wrapper.framework; includeInIndex = 0; path = Pods_TodoApp_Realm.framework; sourceTree = BUILT_PRODUCTS_DIR; };
		E8BC82BB057364384C0AE818 /* Pods-TodoApp_Realm.release.xcconfig */ = {isa = PBXFileReference; includeInIndex = 1; lastKnownFileType = text.xcconfig; name = "Pods-TodoApp_Realm.release.xcconfig"; path = "Pods/Target Support Files/Pods-TodoApp_Realm/Pods-TodoApp_Realm.release.xcconfig"; sourceTree = "<group>"; };
/* End PBXFileReference section */

/* Begin PBXFrameworksBuildPhase section */
		2592A561214D2E8D003384CC /* Frameworks */ = {
			isa = PBXFrameworksBuildPhase;
			buildActionMask = 2147483647;
			files = (
				B5C45F7532FE69D56AE2EF4A /* Pods_TodoApp_Realm.framework in Frameworks */,
			);
			runOnlyForDeploymentPostprocessing = 0;
		};
/* End PBXFrameworksBuildPhase section */

/* Begin PBXGroup section */
		02BC20D8667B80A81949357A /* Frameworks */ = {
			isa = PBXGroup;
			children = (
				DB03B02FB54D4952070D580B /* Pods_TodoApp_Realm.framework */,
			);
			name = Frameworks;
			sourceTree = "<group>";
		};
		1EBF227B0C1A895B177E09F9 /* Pods */ = {
			isa = PBXGroup;
			children = (
				D0294590DE22589D25CEB54F /* Pods-TodoApp_Realm.debug.xcconfig */,
				E8BC82BB057364384C0AE818 /* Pods-TodoApp_Realm.release.xcconfig */,
			);
			name = Pods;
			sourceTree = "<group>";
		};
		2592A55B214D2E8D003384CC = {
			isa = PBXGroup;
			children = (
				2592A566214D2E8D003384CC /* TodoApp_Realm */,
				2592A565214D2E8D003384CC /* Products */,
				1EBF227B0C1A895B177E09F9 /* Pods */,
				02BC20D8667B80A81949357A /* Frameworks */,
			);
			sourceTree = "<group>";
		};
		2592A565214D2E8D003384CC /* Products */ = {
			isa = PBXGroup;
			children = (
				2592A564214D2E8D003384CC /* TodoApp_Realm.app */,
			);
			name = Products;
			sourceTree = "<group>";
		};
		2592A566214D2E8D003384CC /* TodoApp_Realm */ = {
			isa = PBXGroup;
			children = (
				2592A567214D2E8D003384CC /* AppDelegate.swift */,
				2592A585214D301F003384CC /* Data Model */,
				2592A57C214D2F02003384CC /* View */,
				2592A57D214D2F0D003384CC /* Controller */,
				2592A571214D2E92003384CC /* Assets.xcassets */,
				2592A573214D2E92003384CC /* LaunchScreen.storyboard */,
				2592A576214D2E92003384CC /* Info.plist */,
			);
			path = TodoApp_Realm;
			sourceTree = "<group>";
		};
		2592A57C214D2F02003384CC /* View */ = {
			isa = PBXGroup;
			children = (
				2592A56B214D2E8D003384CC /* Main.storyboard */,
			);
			path = View;
			sourceTree = "<group>";
		};
		2592A57D214D2F0D003384CC /* Controller */ = {
			isa = PBXGroup;
			children = (
				255056D5214E71470036900A /* SwipeTableViewController.swift */,
				2592A57F214D2F72003384CC /* CategoryViewController.swift */,
				2592A569214D2E8D003384CC /* TodoListViewController.swift */,
			);
			path = Controller;
			sourceTree = "<group>";
		};
		2592A585214D301F003384CC /* Data Model */ = {
			isa = PBXGroup;
			children = (
				25A928FC214D3CD300843EED /* Category.swift */,
				25A928FA214D3CC600843EED /* Item.swift */,
			);
			path = "Data Model";
			sourceTree = "<group>";
		};
/* End PBXGroup section */

/* Begin PBXNativeTarget section */
		2592A563214D2E8D003384CC /* TodoApp_Realm */ = {
			isa = PBXNativeTarget;
			buildConfigurationList = 2592A579214D2E92003384CC /* Build configuration list for PBXNativeTarget "TodoApp_Realm" */;
			buildPhases = (
				FE9355BE9D7EA04A3F031696 /* [CP] Check Pods Manifest.lock */,
				2592A560214D2E8D003384CC /* Sources */,
				2592A561214D2E8D003384CC /* Frameworks */,
				2592A562214D2E8D003384CC /* Resources */,
				70D67A8FF1A90C4002827C5A /* [CP] Embed Pods Frameworks */,
			);
			buildRules = (
			);
			dependencies = (
			);
			name = TodoApp_Realm;
			productName = TodoApp_Realm;
			productReference = 2592A564214D2E8D003384CC /* TodoApp_Realm.app */;
			productType = "com.apple.product-type.application";
		};
/* End PBXNativeTarget section */

/* Begin PBXProject section */
		2592A55C214D2E8D003384CC /* Project object */ = {
			isa = PBXProject;
			attributes = {
				LastSwiftUpdateCheck = 0940;
				LastUpgradeCheck = 0940;
				ORGANIZATIONNAME = Irfaane;
				TargetAttributes = {
					2592A563214D2E8D003384CC = {
						CreatedOnToolsVersion = 9.4.1;
						LastSwiftMigration = 1000;
					};
				};
			};
			buildConfigurationList = 2592A55F214D2E8D003384CC /* Build configuration list for PBXProject "TodoApp_Realm" */;
			compatibilityVersion = "Xcode 9.3";
			developmentRegion = en;
			hasScannedForEncodings = 0;
			knownRegions = (
				en,
				Base,
			);
			mainGroup = 2592A55B214D2E8D003384CC;
			productRefGroup = 2592A565214D2E8D003384CC /* Products */;
			projectDirPath = "";
			projectRoot = "";
			targets = (
				2592A563214D2E8D003384CC /* TodoApp_Realm */,
			);
		};
/* End PBXProject section */

/* Begin PBXResourcesBuildPhase section */
		2592A562214D2E8D003384CC /* Resources */ = {
			isa = PBXResourcesBuildPhase;
			buildActionMask = 2147483647;
			files = (
				2592A575214D2E92003384CC /* LaunchScreen.storyboard in Resources */,
				2592A572214D2E92003384CC /* Assets.xcassets in Resources */,
				2592A56D214D2E8D003384CC /* Main.storyboard in Resources */,
			);
			runOnlyForDeploymentPostprocessing = 0;
		};
/* End PBXResourcesBuildPhase section */

/* Begin PBXShellScriptBuildPhase section */
		70D67A8FF1A90C4002827C5A /* [CP] Embed Pods Frameworks */ = {
			isa = PBXShellScriptBuildPhase;
			buildActionMask = 2147483647;
			files = (
			);
			inputPaths = (
				"${SRCROOT}/Pods/Target Support Files/Pods-TodoApp_Realm/Pods-TodoApp_Realm-frameworks.sh",
				"${BUILT_PRODUCTS_DIR}/ChameleonFramework/ChameleonFramework.framework",
				"${BUILT_PRODUCTS_DIR}/Realm/Realm.framework",
				"${BUILT_PRODUCTS_DIR}/RealmSwift/RealmSwift.framework",
				"${BUILT_PRODUCTS_DIR}/SwipeCellKit/SwipeCellKit.framework",
			);
			name = "[CP] Embed Pods Frameworks";
			outputPaths = (
				"${TARGET_BUILD_DIR}/${FRAMEWORKS_FOLDER_PATH}/ChameleonFramework.framework",
				"${TARGET_BUILD_DIR}/${FRAMEWORKS_FOLDER_PATH}/Realm.framework",
				"${TARGET_BUILD_DIR}/${FRAMEWORKS_FOLDER_PATH}/RealmSwift.framework",
				"${TARGET_BUILD_DIR}/${FRAMEWORKS_FOLDER_PATH}/SwipeCellKit.framework",
			);
			runOnlyForDeploymentPostprocessing = 0;
			shellPath = /bin/sh;
			shellScript = "\"${SRCROOT}/Pods/Target Support Files/Pods-TodoApp_Realm/Pods-TodoApp_Realm-frameworks.sh\"\n";
			showEnvVarsInLog = 0;
		};
		FE9355BE9D7EA04A3F031696 /* [CP] Check Pods Manifest.lock */ = {
			isa = PBXShellScriptBuildPhase;
			buildActionMask = 2147483647;
			files = (
			);
			inputPaths = (
				"${PODS_PODFILE_DIR_PATH}/Podfile.lock",
				"${PODS_ROOT}/Manifest.lock",
			);
			name = "[CP] Check Pods Manifest.lock";
			outputPaths = (
				"$(DERIVED_FILE_DIR)/Pods-TodoApp_Realm-checkManifestLockResult.txt",
			);
			runOnlyForDeploymentPostprocessing = 0;
			shellPath = /bin/sh;
			shellScript = "diff \"${PODS_PODFILE_DIR_PATH}/Podfile.lock\" \"${PODS_ROOT}/Manifest.lock\" > /dev/null\nif [ $? != 0 ] ; then\n    # print error to STDERR\n    echo \"error: The sandbox is not in sync with the Podfile.lock. Run 'pod install' or update your CocoaPods installation.\" >&2\n    exit 1\nfi\n# This output is used by Xcode 'outputs' to avoid re-running this script phase.\necho \"SUCCESS\" > \"${SCRIPT_OUTPUT_FILE_0}\"\n";
			showEnvVarsInLog = 0;
		};
/* End PBXShellScriptBuildPhase section */

/* Begin PBXSourcesBuildPhase section */
		2592A560214D2E8D003384CC /* Sources */ = {
			isa = PBXSourcesBuildPhase;
			buildActionMask = 2147483647;
			files = (
				2592A580214D2F72003384CC /* CategoryViewController.swift in Sources */,
				2592A56A214D2E8D003384CC /* TodoListViewController.swift in Sources */,
				255056D6214E71470036900A /* SwipeTableViewController.swift in Sources */,
				25A928FB214D3CC600843EED /* Item.swift in Sources */,
				2592A568214D2E8D003384CC /* AppDelegate.swift in Sources */,
				25A928FD214D3CD300843EED /* Category.swift in Sources */,
			);
			runOnlyForDeploymentPostprocessing = 0;
		};
/* End PBXSourcesBuildPhase section */

/* Begin PBXVariantGroup section */
		2592A56B214D2E8D003384CC /* Main.storyboard */ = {
			isa = PBXVariantGroup;
			children = (
				2592A56C214D2E8D003384CC /* Base */,
			);
			name = Main.storyboard;
			sourceTree = "<group>";
		};
		2592A573214D2E92003384CC /* LaunchScreen.storyboard */ = {
			isa = PBXVariantGroup;
			children = (
				2592A574214D2E92003384CC /* Base */,
			);
			name = LaunchScreen.storyboard;
			sourceTree = "<group>";
		};
/* End PBXVariantGroup section */

/* Begin XCBuildConfiguration section */
		2592A577214D2E92003384CC /* Debug */ = {
			isa = XCBuildConfiguration;
			buildSettings = {
				ALWAYS_SEARCH_USER_PATHS = NO;
				CLANG_ANALYZER_NONNULL = YES;
				CLANG_ANALYZER_NUMBER_OBJECT_CONVERSION = YES_AGGRESSIVE;
				CLANG_CXX_LANGUAGE_STANDARD = "gnu++14";
				CLANG_CXX_LIBRARY = "libc++";
				CLANG_ENABLE_MODULES = YES;
				CLANG_ENABLE_OBJC_ARC = YES;
				CLANG_ENABLE_OBJC_WEAK = YES;
				CLANG_WARN_BLOCK_CAPTURE_AUTORELEASING = YES;
				CLANG_WARN_BOOL_CONVERSION = YES;
				CLANG_WARN_COMMA = YES;
				CLANG_WARN_CONSTANT_CONVERSION = YES;
				CLANG_WARN_DEPRECATED_OBJC_IMPLEMENTATIONS = YES;
				CLANG_WARN_DIRECT_OBJC_ISA_USAGE = YES_ERROR;
				CLANG_WARN_DOCUMENTATION_COMMENTS = YES;
				CLANG_WARN_EMPTY_BODY = YES;
				CLANG_WARN_ENUM_CONVERSION = YES;
				CLANG_WARN_INFINITE_RECURSION = YES;
				CLANG_WARN_INT_CONVERSION = YES;
				CLANG_WARN_NON_LITERAL_NULL_CONVERSION = YES;
				CLANG_WARN_OBJC_IMPLICIT_RETAIN_SELF = YES;
				CLANG_WARN_OBJC_LITERAL_CONVERSION = YES;
				CLANG_WARN_OBJC_ROOT_CLASS = YES_ERROR;
				CLANG_WARN_RANGE_LOOP_ANALYSIS = YES;
				CLANG_WARN_STRICT_PROTOTYPES = YES;
				CLANG_WARN_SUSPICIOUS_MOVE = YES;
				CLANG_WARN_UNGUARDED_AVAILABILITY = YES_AGGRESSIVE;
				CLANG_WARN_UNREACHABLE_CODE = YES;
				CLANG_WARN__DUPLICATE_METHOD_MATCH = YES;
				CODE_SIGN_IDENTITY = "iPhone Developer";
				COPY_PHASE_STRIP = NO;
				DEBUG_INFORMATION_FORMAT = dwarf;
				ENABLE_STRICT_OBJC_MSGSEND = YES;
				ENABLE_TESTABILITY = YES;
				GCC_C_LANGUAGE_STANDARD = gnu11;
				GCC_DYNAMIC_NO_PIC = NO;
				GCC_NO_COMMON_BLOCKS = YES;
				GCC_OPTIMIZATION_LEVEL = 0;
				GCC_PREPROCESSOR_DEFINITIONS = (
					"DEBUG=1",
					"$(inherited)",
				);
				GCC_WARN_64_TO_32_BIT_CONVERSION = YES;
				GCC_WARN_ABOUT_RETURN_TYPE = YES_ERROR;
				GCC_WARN_UNDECLARED_SELECTOR = YES;
				GCC_WARN_UNINITIALIZED_AUTOS = YES_AGGRESSIVE;
				GCC_WARN_UNUSED_FUNCTION = YES;
				GCC_WARN_UNUSED_VARIABLE = YES;
				IPHONEOS_DEPLOYMENT_TARGET = 11.4;
				MTL_ENABLE_DEBUG_INFO = YES;
				ONLY_ACTIVE_ARCH = YES;
				SDKROOT = iphoneos;
				SWIFT_ACTIVE_COMPILATION_CONDITIONS = DEBUG;
				SWIFT_OPTIMIZATION_LEVEL = "-Onone";
			};
			name = Debug;
		};
		2592A578214D2E92003384CC /* Release */ = {
			isa = XCBuildConfiguration;
			buildSettings = {
				ALWAYS_SEARCH_USER_PATHS = NO;
				CLANG_ANALYZER_NONNULL = YES;
				CLANG_ANALYZER_NUMBER_OBJECT_CONVERSION = YES_AGGRESSIVE;
				CLANG_CXX_LANGUAGE_STANDARD = "gnu++14";
				CLANG_CXX_LIBRARY = "libc++";
				CLANG_ENABLE_MODULES = YES;
				CLANG_ENABLE_OBJC_ARC = YES;
				CLANG_ENABLE_OBJC_WEAK = YES;
				CLANG_WARN_BLOCK_CAPTURE_AUTORELEASING = YES;
				CLANG_WARN_BOOL_CONVERSION = YES;
				CLANG_WARN_COMMA = YES;
				CLANG_WARN_CONSTANT_CONVERSION = YES;
				CLANG_WARN_DEPRECATED_OBJC_IMPLEMENTATIONS = YES;
				CLANG_WARN_DIRECT_OBJC_ISA_USAGE = YES_ERROR;
				CLANG_WARN_DOCUMENTATION_COMMENTS = YES;
				CLANG_WARN_EMPTY_BODY = YES;
				CLANG_WARN_ENUM_CONVERSION = YES;
				CLANG_WARN_INFINITE_RECURSION = YES;
				CLANG_WARN_INT_CONVERSION = YES;
				CLANG_WARN_NON_LITERAL_NULL_CONVERSION = YES;
				CLANG_WARN_OBJC_IMPLICIT_RETAIN_SELF = YES;
				CLANG_WARN_OBJC_LITERAL_CONVERSION = YES;
				CLANG_WARN_OBJC_ROOT_CLASS = YES_ERROR;
				CLANG_WARN_RANGE_LOOP_ANALYSIS = YES;
				CLANG_WARN_STRICT_PROTOTYPES = YES;
				CLANG_WARN_SUSPICIOUS_MOVE = YES;
				CLANG_WARN_UNGUARDED_AVAILABILITY = YES_AGGRESSIVE;
				CLANG_WARN_UNREACHABLE_CODE = YES;
				CLANG_WARN__DUPLICATE_METHOD_MATCH = YES;
				CODE_SIGN_IDENTITY = "iPhone Developer";
				COPY_PHASE_STRIP = NO;
				DEBUG_INFORMATION_FORMAT = "dwarf-with-dsym";
				ENABLE_NS_ASSERTIONS = NO;
				ENABLE_STRICT_OBJC_MSGSEND = YES;
				GCC_C_LANGUAGE_STANDARD = gnu11;
				GCC_NO_COMMON_BLOCKS = YES;
				GCC_WARN_64_TO_32_BIT_CONVERSION = YES;
				GCC_WARN_ABOUT_RETURN_TYPE = YES_ERROR;
				GCC_WARN_UNDECLARED_SELECTOR = YES;
				GCC_WARN_UNINITIALIZED_AUTOS = YES_AGGRESSIVE;
				GCC_WARN_UNUSED_FUNCTION = YES;
				GCC_WARN_UNUSED_VARIABLE = YES;
				IPHONEOS_DEPLOYMENT_TARGET = 11.4;
				MTL_ENABLE_DEBUG_INFO = NO;
				SDKROOT = iphoneos;
				SWIFT_COMPILATION_MODE = wholemodule;
				SWIFT_OPTIMIZATION_LEVEL = "-O";
				VALIDATE_PRODUCT = YES;
			};
			name = Release;
		};
		2592A57A214D2E92003384CC /* Debug */ = {
			isa = XCBuildConfiguration;
			baseConfigurationReference = D0294590DE22589D25CEB54F /* Pods-TodoApp_Realm.debug.xcconfig */;
			buildSettings = {
				ASSETCATALOG_COMPILER_APPICON_NAME = AppIcon;
				CODE_SIGN_STYLE = Automatic;
				DEVELOPMENT_TEAM = X5GYZZEV9Z;
				INFOPLIST_FILE = TodoApp_Realm/Info.plist;
				LD_RUNPATH_SEARCH_PATHS = (
					"$(inherited)",
					"@executable_path/Frameworks",
				);
				PRODUCT_BUNDLE_IDENTIFIER = "com.irfaaneousseny.TodoApp-Realm";
				PRODUCT_NAME = "$(TARGET_NAME)";
				SWIFT_VERSION = 4.2;
				TARGETED_DEVICE_FAMILY = "1,2";
			};
			name = Debug;
		};
		2592A57B214D2E92003384CC /* Release */ = {
			isa = XCBuildConfiguration;
			baseConfigurationReference = E8BC82BB057364384C0AE818 /* Pods-TodoApp_Realm.release.xcconfig */;
			buildSettings = {
				ASSETCATALOG_COMPILER_APPICON_NAME = AppIcon;
				CODE_SIGN_STYLE = Automatic;
				DEVELOPMENT_TEAM = X5GYZZEV9Z;
				INFOPLIST_FILE = TodoApp_Realm/Info.plist;
				LD_RUNPATH_SEARCH_PATHS = (
					"$(inherited)",
					"@executable_path/Frameworks",
				);
				PRODUCT_BUNDLE_IDENTIFIER = "com.irfaaneousseny.TodoApp-Realm";
				PRODUCT_NAME = "$(TARGET_NAME)";
				SWIFT_VERSION = 4.2;
				TARGETED_DEVICE_FAMILY = "1,2";
			};
			name = Release;
		};
/* End XCBuildConfiguration section */

/* Begin XCConfigurationList section */
		2592A55F214D2E8D003384CC /* Build configuration list for PBXProject "TodoApp_Realm" */ = {
			isa = XCConfigurationList;
			buildConfigurations = (
				2592A577214D2E92003384CC /* Debug */,
				2592A578214D2E92003384CC /* Release */,
			);
			defaultConfigurationIsVisible = 0;
			defaultConfigurationName = Release;
		};
		2592A579214D2E92003384CC /* Build configuration list for PBXNativeTarget "TodoApp_Realm" */ = {
			isa = XCConfigurationList;
			buildConfigurations = (
				2592A57A214D2E92003384CC /* Debug */,
				2592A57B214D2E92003384CC /* Release */,
			);
			defaultConfigurationIsVisible = 0;
			defaultConfigurationName = Release;
		};
/* End XCConfigurationList section */
	};
	rootObject = 2592A55C214D2E8D003384CC /* Project object */;
}
