// !$*UTF8*$!
{
	archiveVersion = 1;
	classes = {
	};
	objectVersion = 50;
	objects = {

/* Begin PBXBuildFile section */
		2592A568214D2E8D003384CC /* AppDelegate.swift in Sources */ = {isa = PBXBuildFile; fileRef = 2592A567214D2E8D003384CC /* AppDelegate.swift */; };
		2592A56A214D2E8D003384CC /* ViewController.swift in Sources */ = {isa = PBXBuildFile; fileRef = 2592A569214D2E8D003384CC /* ViewController.swift */; };
		2592A56D214D2E8D003384CC /* Main.storyboard in Resources */ = {isa = PBXBuildFile; fileRef = 2592A56B214D2E8D003384CC /* Main.storyboard */; };
		2592A570214D2E8D003384CC /* TodoApp_Realm.xcdatamodeld in Sources */ = {isa = PBXBuildFile; fileRef = 2592A56E214D2E8D003384CC /* TodoApp_Realm.xcdatamodeld */; };
		2592A572214D2E92003384CC /* Assets.xcassets in Resources */ = {isa = PBXBuildFile; fileRef = 2592A571214D2E92003384CC /* Assets.xcassets */; };
		2592A575214D2E92003384CC /* LaunchScreen.storyboard in Resources */ = {isa = PBXBuildFile; fileRef = 2592A573214D2E92003384CC /* LaunchScreen.storyboard */; };
/* End PBXBuildFile section */

/* Begin PBXFileReference section */
		2592A564214D2E8D003384CC /* TodoApp_Realm.app */ = {isa = PBXFileReference; explicitFileType = wrapper.application; includeInIndex = 0; path = TodoApp_Realm.app; sourceTree = BUILT_PRODUCTS_DIR; };
		2592A567214D2E8D003384CC /* AppDelegate.swift */ = {isa = PBXFileReference; lastKnownFileType = sourcecode.swift; path = AppDelegate.swift; sourceTree = "<group>"; };
		2592A569214D2E8D003384CC /* ViewController.swift */ = {isa = PBXFileReference; lastKnownFileType = sourcecode.swift; path = ViewController.swift; sourceTree = "<group>"; };
		2592A56C214D2E8D003384CC /* Base */ = {isa = PBXFileReference; lastKnownFileType = file.storyboard; name = Base; path = Base.lproj/Main.storyboard; sourceTree = "<group>"; };
		2592A56F214D2E8D003384CC /* TodoApp_Realm.xcdatamodel */ = {isa = PBXFileReference; lastKnownFileType = wrapper.xcdatamodel; path = TodoApp_Realm.xcdatamodel; sourceTree = "<group>"; };
		2592A571214D2E92003384CC /* Assets.xcassets */ = {isa = PBXFileReference; lastKnownFileType = folder.assetcatalog; path = Assets.xcassets; sourceTree = "<group>"; };
		2592A574214D2E92003384CC /* Base */ = {isa = PBXFileReference; lastKnownFileType = file.storyboard; name = Base; path = Base.lproj/LaunchScreen.storyboard; sourceTree = "<group>"; };
		2592A576214D2E92003384CC /* Info.plist */ = {isa = PBXFileReference; lastKnownFileType = text.plist.xml; path = Info.plist; sourceTree = "<group>"; };
/* End PBXFileReference section */

/* Begin PBXFrameworksBuildPhase section */
		2592A561214D2E8D003384CC /* Frameworks */ = {
			isa = PBXFrameworksBuildPhase;
			buildActionMask = 2147483647;
			files = (
			);
			runOnlyForDeploymentPostprocessing = 0;
		};
/* End PBXFrameworksBuildPhase section */

/* Begin PBXGroup section */
		2592A55B214D2E8D003384CC = {
			isa = PBXGroup;
			children = (
				2592A566214D2E8D003384CC /* TodoApp_Realm */,
				2592A565214D2E8D003384CC /* Products */,
			);
			sourceTree = "<group>";
		};
		2592A565214D2E8D003384CC /* Products */ = {
			isa = PBXGroup;
			children = (
				2592A564214D2E8D003384CC /* TodoApp_Realm.app */,
			);
			name = Products;
			sourceTree = "<group>";
		};
		2592A566214D2E8D003384CC /* TodoApp_Realm */ = {
			isa = PBXGroup;
			children = (
				2592A567214D2E8D003384CC /* AppDelegate.swift */,
				2592A569214D2E8D003384CC /* ViewController.swift */,
				2592A56B214D2E8D003384CC /* Main.storyboard */,
				2592A571214D2E92003384CC /* Assets.xcassets */,
				2592A573214D2E92003384CC /* LaunchScreen.storyboard */,
				2592A576214D2E92003384CC /* Info.plist */,
				2592A56E214D2E8D003384CC /* TodoApp_Realm.xcdatamodeld */,
			);
			path = TodoApp_Realm;
			sourceTree = "<group>";
		};
/* End PBXGroup section */

/* Begin PBXNativeTarget section */
		2592A563214D2E8D003384CC /* TodoApp_Realm */ = {
			isa = PBXNativeTarget;
			buildConfigurationList = 2592A579214D2E92003384CC /* Build configuration list for PBXNativeTarget "TodoApp_Realm" */;
			buildPhases = (
				2592A560214D2E8D003384CC /* Sources */,
				2592A561214D2E8D003384CC /* Frameworks */,
				2592A562214D2E8D003384CC /* Resources */,
			);
			buildRules = (
			);
			dependencies = (
			);
			name = TodoApp_Realm;
			productName = TodoApp_Realm;
			productReference = 2592A564214D2E8D003384CC /* TodoApp_Realm.app */;
			productType = "com.apple.product-type.application";
		};
/* End PBXNativeTarget section */

/* Begin PBXProject section */
		2592A55C214D2E8D003384CC /* Project object */ = {
			isa = PBXProject;
			attributes = {
				LastSwiftUpdateCheck = 0940;
				LastUpgradeCheck = 0940;
				ORGANIZATIONNAME = Irfaane;
				TargetAttributes = {
					2592A563214D2E8D003384CC = {
						CreatedOnToolsVersion = 9.4.1;
					};
				};
			};
			buildConfigurationList = 2592A55F214D2E8D003384CC /* Build configuration list for PBXProject "TodoApp_Realm" */;
			compatibilityVersion = "Xcode 9.3";
			developmentRegion = en;
			hasScannedForEncodings = 0;
			knownRegions = (
				en,
				Base,
			);
			mainGroup = 2592A55B214D2E8D003384CC;
			productRefGroup = 2592A565214D2E8D003384CC /* Products */;
			projectDirPath = "";
			projectRoot = "";
			targets = (
				2592A563214D2E8D003384CC /* TodoApp_Realm */,
			);
		};
/* End PBXProject section */

/* Begin PBXResourcesBuildPhase section */
		2592A562214D2E8D003384CC /* Resources */ = {
			isa = PBXResourcesBuildPhase;
			buildActionMask = 2147483647;
			files = (
				2592A575214D2E92003384CC /* LaunchScreen.storyboard in Resources */,
				2592A572214D2E92003384CC /* Assets.xcassets in Resources */,
				2592A56D214D2E8D003384CC /* Main.storyboard in Resources */,
			);
			runOnlyForDeploymentPostprocessing = 0;
		};
/* End PBXResourcesBuildPhase section */

/* Begin PBXSourcesBuildPhase section */
		2592A560214D2E8D003384CC /* Sources */ = {
			isa = PBXSourcesBuildPhase;
			buildActionMask = 2147483647;
			files = (
				2592A570214D2E8D003384CC /* TodoApp_Realm.xcdatamodeld in Sources */,
				2592A56A214D2E8D003384CC /* ViewController.swift in Sources */,
				2592A568214D2E8D003384CC /* AppDelegate.swift in Sources */,
			);
			runOnlyForDeploymentPostprocessing = 0;
		};
/* End PBXSourcesBuildPhase section */

/* Begin PBXVariantGroup section */
		2592A56B214D2E8D003384CC /* Main.storyboard */ = {
			isa = PBXVariantGroup;
			children = (
				2592A56C214D2E8D003384CC /* Base */,
			);
			name = Main.storyboard;
			sourceTree = "<group>";
		};
		2592A573214D2E92003384CC /* LaunchScreen.storyboard */ = {
			isa = PBXVariantGroup;
			children = (
				2592A574214D2E92003384CC /* Base */,
			);
			name = LaunchScreen.storyboard;
			sourceTree = "<group>";
		};
/* End PBXVariantGroup section */

/* Begin XCBuildConfiguration section */
		2592A577214D2E92003384CC /* Debug */ = {
			isa = XCBuildConfiguration;
			buildSettings = {
				ALWAYS_SEARCH_USER_PATHS = NO;
				CLANG_ANALYZER_NONNULL = YES;
				CLANG_ANALYZER_NUMBER_OBJECT_CONVERSION = YES_AGGRESSIVE;
				CLANG_CXX_LANGUAGE_STANDARD = "gnu++14";
				CLANG_CXX_LIBRARY = "libc++";
				CLANG_ENABLE_MODULES = YES;
				CLANG_ENABLE_OBJC_ARC = YES;
				CLANG_ENABLE_OBJC_WEAK = YES;
				CLANG_WARN_BLOCK_CAPTURE_AUTORELEASING = YES;
				CLANG_WARN_BOOL_CONVERSION = YES;
				CLANG_WARN_COMMA = YES;
				CLANG_WARN_CONSTANT_CONVERSION = YES;
				CLANG_WARN_DEPRECATED_OBJC_IMPLEMENTATIONS = YES;
				CLANG_WARN_DIRECT_OBJC_ISA_USAGE = YES_ERROR;
				CLANG_WARN_DOCUMENTATION_COMMENTS = YES;
				CLANG_WARN_EMPTY_BODY = YES;
				CLANG_WARN_ENUM_CONVERSION = YES;
				CLANG_WARN_INFINITE_RECURSION = YES;
				CLANG_WARN_INT_CONVERSION = YES;
				CLANG_WARN_NON_LITERAL_NULL_CONVERSION = YES;
				CLANG_WARN_OBJC_IMPLICIT_RETAIN_SELF = YES;
				CLANG_WARN_OBJC_LITERAL_CONVERSION = YES;
				CLANG_WARN_OBJC_ROOT_CLASS = YES_ERROR;
				CLANG_WARN_RANGE_LOOP_ANALYSIS = YES;
				CLANG_WARN_STRICT_PROTOTYPES = YES;
				CLANG_WARN_SUSPICIOUS_MOVE = YES;
				CLANG_WARN_UNGUARDED_AVAILABILITY = YES_AGGRESSIVE;
				CLANG_WARN_UNREACHABLE_CODE = YES;
				CLANG_WARN__DUPLICATE_METHOD_MATCH = YES;
				CODE_SIGN_IDENTITY = "iPhone Developer";
				COPY_PHASE_STRIP = NO;
				DEBUG_INFORMATION_FORMAT = dwarf;
				ENABLE_STRICT_OBJC_MSGSEND = YES;
				ENABLE_TESTABILITY = YES;
				GCC_C_LANGUAGE_STANDARD = gnu11;
				GCC_DYNAMIC_NO_PIC = NO;
				GCC_NO_COMMON_BLOCKS = YES;
				GCC_OPTIMIZATION_LEVEL = 0;
				GCC_PREPROCESSOR_DEFINITIONS = (
					"DEBUG=1",
					"$(inherited)",
				);
				GCC_WARN_64_TO_32_BIT_CONVERSION = YES;
				GCC_WARN_ABOUT_RETURN_TYPE = YES_ERROR;
				GCC_WARN_UNDECLARED_SELECTOR = YES;
				GCC_WARN_UNINITIALIZED_AUTOS = YES_AGGRESSIVE;
				GCC_WARN_UNUSED_FUNCTION = YES;
				GCC_WARN_UNUSED_VARIABLE = YES;
				IPHONEOS_DEPLOYMENT_TARGET = 11.4;
				MTL_ENABLE_DEBUG_INFO = YES;
				ONLY_ACTIVE_ARCH = YES;
				SDKROOT = iphoneos;
				SWIFT_ACTIVE_COMPILATION_CONDITIONS = DEBUG;
				SWIFT_OPTIMIZATION_LEVEL = "-Onone";
			};
			name = Debug;
		};
		2592A578214D2E92003384CC /* Release */ = {
			isa = XCBuildConfiguration;
			buildSettings = {
				ALWAYS_SEARCH_USER_PATHS = NO;
				CLANG_ANALYZER_NONNULL = YES;
				CLANG_ANALYZER_NUMBER_OBJECT_CONVERSION = YES_AGGRESSIVE;
				CLANG_CXX_LANGUAGE_STANDARD = "gnu++14";
				CLANG_CXX_LIBRARY = "libc++";
				CLANG_ENABLE_MODULES = YES;
				CLANG_ENABLE_OBJC_ARC = YES;
				CLANG_ENABLE_OBJC_WEAK = YES;
				CLANG_WARN_BLOCK_CAPTURE_AUTORELEASING = YES;
				CLANG_WARN_BOOL_CONVERSION = YES;
				CLANG_WARN_COMMA = YES;
				CLANG_WARN_CONSTANT_CONVERSION = YES;
				CLANG_WARN_DEPRECATED_OBJC_IMPLEMENTATIONS = YES;
				CLANG_WARN_DIRECT_OBJC_ISA_USAGE = YES_ERROR;
				CLANG_WARN_DOCUMENTATION_COMMENTS = YES;
				CLANG_WARN_EMPTY_BODY = YES;
				CLANG_WARN_ENUM_CONVERSION = YES;
				CLANG_WARN_INFINITE_RECURSION = YES;
				CLANG_WARN_INT_CONVERSION = YES;
				CLANG_WARN_NON_LITERAL_NULL_CONVERSION = YES;
				CLANG_WARN_OBJC_IMPLICIT_RETAIN_SELF = YES;
				CLANG_WARN_OBJC_LITERAL_CONVERSION = YES;
				CLANG_WARN_OBJC_ROOT_CLASS = YES_ERROR;
				CLANG_WARN_RANGE_LOOP_ANALYSIS = YES;
				CLANG_WARN_STRICT_PROTOTYPES = YES;
				CLANG_WARN_SUSPICIOUS_MOVE = YES;
				CLANG_WARN_UNGUARDED_AVAILABILITY = YES_AGGRESSIVE;
				CLANG_WARN_UNREACHABLE_CODE = YES;
				CLANG_WARN__DUPLICATE_METHOD_MATCH = YES;
				CODE_SIGN_IDENTITY = "iPhone Developer";
				COPY_PHASE_STRIP = NO;
				DEBUG_INFORMATION_FORMAT = "dwarf-with-dsym";
				ENABLE_NS_ASSERTIONS = NO;
				ENABLE_STRICT_OBJC_MSGSEND = YES;
				GCC_C_LANGUAGE_STANDARD = gnu11;
				GCC_NO_COMMON_BLOCKS = YES;
				GCC_WARN_64_TO_32_BIT_CONVERSION = YES;
				GCC_WARN_ABOUT_RETURN_TYPE = YES_ERROR;
				GCC_WARN_UNDECLARED_SELECTOR = YES;
				GCC_WARN_UNINITIALIZED_AUTOS = YES_AGGRESSIVE;
				GCC_WARN_UNUSED_FUNCTION = YES;
				GCC_WARN_UNUSED_VARIABLE = YES;
				IPHONEOS_DEPLOYMENT_TARGET = 11.4;
				MTL_ENABLE_DEBUG_INFO = NO;
				SDKROOT = iphoneos;
				SWIFT_COMPILATION_MODE = wholemodule;
				SWIFT_OPTIMIZATION_LEVEL = "-O";
				VALIDATE_PRODUCT = YES;
			};
			name = Release;
		};
		2592A57A214D2E92003384CC /* Debug */ = {
			isa = XCBuildConfiguration;
			buildSettings = {
				ASSETCATALOG_COMPILER_APPICON_NAME = AppIcon;
				CODE_SIGN_STYLE = Automatic;
				DEVELOPMENT_TEAM = X5GYZZEV9Z;
				INFOPLIST_FILE = TodoApp_Realm/Info.plist;
				LD_RUNPATH_SEARCH_PATHS = (
					"$(inherited)",
					"@executable_path/Frameworks",
				);
				PRODUCT_BUNDLE_IDENTIFIER = "com.irfaaneousseny.TodoApp-Realm";
				PRODUCT_NAME = "$(TARGET_NAME)";
				SWIFT_VERSION = 4.0;
				TARGETED_DEVICE_FAMILY = "1,2";
			};
			name = Debug;
		};
		2592A57B214D2E92003384CC /* Release */ = {
			isa = XCBuildConfiguration;
			buildSettings = {
				ASSETCATALOG_COMPILER_APPICON_NAME = AppIcon;
				CODE_SIGN_STYLE = Automatic;
				DEVELOPMENT_TEAM = X5GYZZEV9Z;
				INFOPLIST_FILE = TodoApp_Realm/Info.plist;
				LD_RUNPATH_SEARCH_PATHS = (
					"$(inherited)",
					"@executable_path/Frameworks",
				);
				PRODUCT_BUNDLE_IDENTIFIER = "com.irfaaneousseny.TodoApp-Realm";
				PRODUCT_NAME = "$(TARGET_NAME)";
				SWIFT_VERSION = 4.0;
				TARGETED_DEVICE_FAMILY = "1,2";
			};
			name = Release;
		};
/* End XCBuildConfiguration section */

/* Begin XCConfigurationList section */
		2592A55F214D2E8D003384CC /* Build configuration list for PBXProject "TodoApp_Realm" */ = {
			isa = XCConfigurationList;
			buildConfigurations = (
				2592A577214D2E92003384CC /* Debug */,
				2592A578214D2E92003384CC /* Release */,
			);
			defaultConfigurationIsVisible = 0;
			defaultConfigurationName = Release;
		};
		2592A579214D2E92003384CC /* Build configuration list for PBXNativeTarget "TodoApp_Realm" */ = {
			isa = XCConfigurationList;
			buildConfigurations = (
				2592A57A214D2E92003384CC /* Debug */,
				2592A57B214D2E92003384CC /* Release */,
			);
			defaultConfigurationIsVisible = 0;
			defaultConfigurationName = Release;
		};
/* End XCConfigurationList section */

/* Begin XCVersionGroup section */
		2592A56E214D2E8D003384CC /* TodoApp_Realm.xcdatamodeld */ = {
			isa = XCVersionGroup;
			children = (
				2592A56F214D2E8D003384CC /* TodoApp_Realm.xcdatamodel */,
			);
			currentVersion = 2592A56F214D2E8D003384CC /* TodoApp_Realm.xcdatamodel */;
			path = TodoApp_Realm.xcdatamodeld;
			sourceTree = "<group>";
			versionGroupType = wrapper.xcdatamodel;
		};
/* End XCVersionGroup section */
	};
	rootObject = 2592A55C214D2E8D003384CC /* Project object */;
}
